PODS:
  - Alamofire (4.5.0)
  - CryptoSwift (0.7.1)
  - SnapKit (4.2.0)
  - SwiftyJSON (4.2.0)
  - Toast-Swift (4.0.1)

DEPENDENCIES:
  - Alamofire (= 4.5.0)
  - CryptoSwift (= 0.7.1)
  - SnapKit (= 4.2.0)
  - SwiftyJSON (= 4.2.0)
  - Toast-Swift (= 4.0.1)

SPEC REPOS:
  https://github.com/cocoapods/specs.git:
    - Alamofire
    - CryptoSwift
    - SnapKit
    - SwiftyJSON
    - Toast-Swift

SPEC CHECKSUMS:
  Alamofire: f28cdffd29de33a7bfa022cbd63ae95a27fae140
  CryptoSwift: c290ac8976cf28c52c8b88bfe2c58c0302a0e0c0
  SnapKit: fe8a619752f3f27075cc9a90244d75c6c3f27e2a
  SwiftyJSON: c4bcba26dd9ec7a027fc8eade48e2c911f229e96
  Toast-Swift: e42a638589a2f95036b4bb7626cfbdde7daf0393

PODFILE CHECKSUM: 2d8f44f3062d6c46c01eb30ba2d558f2faf3e5a9

COCOAPODS: 1.5.3
